// !$*UTF8*$!
{
	archiveVersion = 1;
	classes = {
	};
	objectVersion = 46;
	objects = {

/* Begin PBXBuildFile section */
		734EA58DED6C454AA57CEED1 /* libPods.a in Frameworks */ = {isa = PBXBuildFile; fileRef = B44FE902987E44269E10ACF9 /* libPods.a */; };
		A118587F1920B53A00266744 /* MarkdownTextStorage.m in Sources */ = {isa = PBXBuildFile; fileRef = A118587E1920B53A00266744 /* MarkdownTextStorage.m */; };
		A1363D1519158AED0023C6ED /* NotesTableSource.m in Sources */ = {isa = PBXBuildFile; fileRef = A1363D1419158AED0023C6ED /* NotesTableSource.m */; };
		A13CE5E318FD59C1004EDEEA /* CouchbaseLite.framework in Frameworks */ = {isa = PBXBuildFile; fileRef = A13CE5E218FD59C1004EDEEA /* CouchbaseLite.framework */; };
		A13CE5E518FD59E7004EDEEA /* CFNetwork.framework in Frameworks */ = {isa = PBXBuildFile; fileRef = A13CE5E418FD59E7004EDEEA /* CFNetwork.framework */; };
		A13CE5E718FD59F1004EDEEA /* Security.framework in Frameworks */ = {isa = PBXBuildFile; fileRef = A13CE5E618FD59F1004EDEEA /* Security.framework */; };
		A13CE5E918FD59FB004EDEEA /* SystemConfiguration.framework in Frameworks */ = {isa = PBXBuildFile; fileRef = A13CE5E818FD59FA004EDEEA /* SystemConfiguration.framework */; };
		A13CE5EB18FD5A07004EDEEA /* libsqlite3.dylib in Frameworks */ = {isa = PBXBuildFile; fileRef = A13CE5EA18FD5A07004EDEEA /* libsqlite3.dylib */; };
		A13CE5ED18FD5A10004EDEEA /* libz.dylib in Frameworks */ = {isa = PBXBuildFile; fileRef = A13CE5EC18FD5A10004EDEEA /* libz.dylib */; };
		A1531DD51923D2E900E7D0DC /* SourceCodePro-Semibold.otf in Resources */ = {isa = PBXBuildFile; fileRef = A1096F2619235D5B003C8308 /* SourceCodePro-Semibold.otf */; };
		A1531DDA1924EC2000E7D0DC /* MarkdownTextView.m in Sources */ = {isa = PBXBuildFile; fileRef = A1531DD91924EC2000E7D0DC /* MarkdownTextView.m */; };
		A154C2A3194840B9001E4D91 /* Cousine-Italic-Latin.ttf in Resources */ = {isa = PBXBuildFile; fileRef = A154C2A2194840B9001E4D91 /* Cousine-Italic-Latin.ttf */; };
		A18720A9192558B20096B656 /* SignupViewController.m in Sources */ = {isa = PBXBuildFile; fileRef = A18720A8192558B20096B656 /* SignupViewController.m */; };
		A18720AC19255F470096B656 /* LoggerInner.m in Sources */ = {isa = PBXBuildFile; fileRef = A18720AB19255F470096B656 /* LoggerInner.m */; };
		A18720AF1925ECCE0096B656 /* SignerUpper.m in Sources */ = {isa = PBXBuildFile; fileRef = A18720AE1925ECCE0096B656 /* SignerUpper.m */; };
		A1948326190E6C9F00E46E5F /* LoginViewController.m in Sources */ = {isa = PBXBuildFile; fileRef = A1948325190E6C9F00E46E5F /* LoginViewController.m */; };
		A194832A190E7B3C00E46E5F /* Constants.m in Sources */ = {isa = PBXBuildFile; fileRef = A1948329190E7B3C00E46E5F /* Constants.m */; };
		A1948349190EAC5F00E46E5F /* JNKeychain.m in Sources */ = {isa = PBXBuildFile; fileRef = A1948348190EAC5F00E46E5F /* JNKeychain.m */; };
		A194834C190FCCB600E46E5F /* Note.m in Sources */ = {isa = PBXBuildFile; fileRef = A194834B190FCCB600E46E5F /* Note.m */; };
		A19483591911F8EE00E46E5F /* NoteTableViewCell.m in Sources */ = {isa = PBXBuildFile; fileRef = A19483581911F8EE00E46E5F /* NoteTableViewCell.m */; };
		A194835C1912A8BD00E46E5F /* SourceCodePro-Bold.otf in Resources */ = {isa = PBXBuildFile; fileRef = A194835A1912A8BD00E46E5F /* SourceCodePro-Bold.otf */; };
		A194835D1912A8BD00E46E5F /* SourceCodePro-Regular.otf in Resources */ = {isa = PBXBuildFile; fileRef = A194835B1912A8BD00E46E5F /* SourceCodePro-Regular.otf */; };
		A1948360191408B400E46E5F /* FormattingHelpers.m in Sources */ = {isa = PBXBuildFile; fileRef = A194835F191408B400E46E5F /* FormattingHelpers.m */; };
		A1BC6243192794AF00238C6C /* UsersPageViewController.m in Sources */ = {isa = PBXBuildFile; fileRef = A1BC6242192794AF00238C6C /* UsersPageViewController.m */; };
		A1BC624A1929EE3200238C6C /* EmptySearchView.xib in Resources */ = {isa = PBXBuildFile; fileRef = A1BC62491929EE3200238C6C /* EmptySearchView.xib */; };
		A1BC6251192F325B00238C6C /* MDKeyboardAccesory.xib in Resources */ = {isa = PBXBuildFile; fileRef = A1BC6250192F325B00238C6C /* MDKeyboardAccesory.xib */; };
		A1BC6254192F337A00238C6C /* MDKeyboardAccessoryViewController.m in Sources */ = {isa = PBXBuildFile; fileRef = A1BC6253192F337A00238C6C /* MDKeyboardAccessoryViewController.m */; };
		A1C4C492191B7472008D9B04 /* NSDate+Helper.m in Sources */ = {isa = PBXBuildFile; fileRef = A1C4C491191B7472008D9B04 /* NSDate+Helper.m */; };
		A1C4C4A3191D4930008D9B04 /* SettingsViewController.m in Sources */ = {isa = PBXBuildFile; fileRef = A1C4C4A2191D4930008D9B04 /* SettingsViewController.m */; };
		A1C4C4AE191D7564008D9B04 /* Accelerate.framework in Frameworks */ = {isa = PBXBuildFile; fileRef = A1C4C4AD191D7564008D9B04 /* Accelerate.framework */; };
		A1C4C4B0191EC10F008D9B04 /* NoDataView.xib in Resources */ = {isa = PBXBuildFile; fileRef = A1C4C4AF191EC10F008D9B04 /* NoDataView.xib */; };
		A1C4C4B3191EC2B9008D9B04 /* NoDataView.m in Sources */ = {isa = PBXBuildFile; fileRef = A1C4C4B2191EC2B9008D9B04 /* NoDataView.m */; };
		A1D9598B18F684A800113622 /* Foundation.framework in Frameworks */ = {isa = PBXBuildFile; fileRef = A1D9598A18F684A800113622 /* Foundation.framework */; };
		A1D9598D18F684A800113622 /* CoreGraphics.framework in Frameworks */ = {isa = PBXBuildFile; fileRef = A1D9598C18F684A800113622 /* CoreGraphics.framework */; };
		A1D9598F18F684A800113622 /* UIKit.framework in Frameworks */ = {isa = PBXBuildFile; fileRef = A1D9598E18F684A800113622 /* UIKit.framework */; };
		A1D9599518F684A800113622 /* InfoPlist.strings in Resources */ = {isa = PBXBuildFile; fileRef = A1D9599318F684A800113622 /* InfoPlist.strings */; };
		A1D9599718F684A800113622 /* main.m in Sources */ = {isa = PBXBuildFile; fileRef = A1D9599618F684A800113622 /* main.m */; };
		A1D9599B18F684A800113622 /* AppDelegate.m in Sources */ = {isa = PBXBuildFile; fileRef = A1D9599A18F684A800113622 /* AppDelegate.m */; };
		A1D9599E18F684A800113622 /* Main_iPhone.storyboard in Resources */ = {isa = PBXBuildFile; fileRef = A1D9599C18F684A800113622 /* Main_iPhone.storyboard */; };
		A1D959A118F684A800113622 /* Main_iPad.storyboard in Resources */ = {isa = PBXBuildFile; fileRef = A1D9599F18F684A800113622 /* Main_iPad.storyboard */; };
		A1D959A418F684A800113622 /* MasterViewController.m in Sources */ = {isa = PBXBuildFile; fileRef = A1D959A318F684A800113622 /* MasterViewController.m */; };
		A1D959A718F684A800113622 /* DetailViewController.m in Sources */ = {isa = PBXBuildFile; fileRef = A1D959A618F684A800113622 /* DetailViewController.m */; };
		A1D959A918F684A800113622 /* Images.xcassets in Resources */ = {isa = PBXBuildFile; fileRef = A1D959A818F684A800113622 /* Images.xcassets */; };
		A1D959B018F684A800113622 /* XCTest.framework in Frameworks */ = {isa = PBXBuildFile; fileRef = A1D959AF18F684A800113622 /* XCTest.framework */; };
		A1D959B118F684A800113622 /* Foundation.framework in Frameworks */ = {isa = PBXBuildFile; fileRef = A1D9598A18F684A800113622 /* Foundation.framework */; };
		A1D959B218F684A800113622 /* UIKit.framework in Frameworks */ = {isa = PBXBuildFile; fileRef = A1D9598E18F684A800113622 /* UIKit.framework */; };
		A1D959BA18F684A800113622 /* InfoPlist.strings in Resources */ = {isa = PBXBuildFile; fileRef = A1D959B818F684A800113622 /* InfoPlist.strings */; };
		A1D959BC18F684A800113622 /* NotesyTests.m in Sources */ = {isa = PBXBuildFile; fileRef = A1D959BB18F684A800113622 /* NotesyTests.m */; };
/* End PBXBuildFile section */

/* Begin PBXContainerItemProxy section */
		A1D959B318F684A800113622 /* PBXContainerItemProxy */ = {
			isa = PBXContainerItemProxy;
			containerPortal = A1D9597F18F684A800113622 /* Project object */;
			proxyType = 1;
			remoteGlobalIDString = A1D9598618F684A800113622;
			remoteInfo = Notesy;
		};
/* End PBXContainerItemProxy section */

/* Begin PBXFileReference section */
		02E996934CB6426C956EAF5D /* Pods.xcconfig */ = {isa = PBXFileReference; includeInIndex = 1; lastKnownFileType = text.xcconfig; name = Pods.xcconfig; path = Pods/Pods.xcconfig; sourceTree = "<group>"; };
		A1096F2619235D5B003C8308 /* SourceCodePro-Semibold.otf */ = {isa = PBXFileReference; lastKnownFileType = file; name = "SourceCodePro-Semibold.otf"; path = "../../../Library/Fonts/SourceCodePro-Semibold.otf"; sourceTree = "<group>"; };
		A118587D1920B53A00266744 /* MarkdownTextStorage.h */ = {isa = PBXFileReference; fileEncoding = 4; lastKnownFileType = sourcecode.c.h; path = MarkdownTextStorage.h; sourceTree = "<group>"; };
		A118587E1920B53A00266744 /* MarkdownTextStorage.m */ = {isa = PBXFileReference; fileEncoding = 4; lastKnownFileType = sourcecode.c.objc; path = MarkdownTextStorage.m; sourceTree = "<group>"; };
		A1363D1319158AED0023C6ED /* NotesTableSource.h */ = {isa = PBXFileReference; fileEncoding = 4; lastKnownFileType = sourcecode.c.h; path = NotesTableSource.h; sourceTree = "<group>"; };
		A1363D1419158AED0023C6ED /* NotesTableSource.m */ = {isa = PBXFileReference; fileEncoding = 4; lastKnownFileType = sourcecode.c.objc; path = NotesTableSource.m; sourceTree = "<group>"; };
		A13CE5E218FD59C1004EDEEA /* CouchbaseLite.framework */ = {isa = PBXFileReference; lastKnownFileType = wrapper.framework; name = CouchbaseLite.framework; path = "Pods/couchbase-lite-ios/CouchbaseLite.framework"; sourceTree = "<group>"; };
		A13CE5E418FD59E7004EDEEA /* CFNetwork.framework */ = {isa = PBXFileReference; lastKnownFileType = wrapper.framework; name = CFNetwork.framework; path = System/Library/Frameworks/CFNetwork.framework; sourceTree = SDKROOT; };
		A13CE5E618FD59F1004EDEEA /* Security.framework */ = {isa = PBXFileReference; lastKnownFileType = wrapper.framework; name = Security.framework; path = System/Library/Frameworks/Security.framework; sourceTree = SDKROOT; };
		A13CE5E818FD59FA004EDEEA /* SystemConfiguration.framework */ = {isa = PBXFileReference; lastKnownFileType = wrapper.framework; name = SystemConfiguration.framework; path = System/Library/Frameworks/SystemConfiguration.framework; sourceTree = SDKROOT; };
		A13CE5EA18FD5A07004EDEEA /* libsqlite3.dylib */ = {isa = PBXFileReference; lastKnownFileType = "compiled.mach-o.dylib"; name = libsqlite3.dylib; path = usr/lib/libsqlite3.dylib; sourceTree = SDKROOT; };
		A13CE5EC18FD5A10004EDEEA /* libz.dylib */ = {isa = PBXFileReference; lastKnownFileType = "compiled.mach-o.dylib"; name = libz.dylib; path = usr/lib/libz.dylib; sourceTree = SDKROOT; };
		A1531DD81924EC2000E7D0DC /* MarkdownTextView.h */ = {isa = PBXFileReference; fileEncoding = 4; lastKnownFileType = sourcecode.c.h; path = MarkdownTextView.h; sourceTree = "<group>"; };
		A1531DD91924EC2000E7D0DC /* MarkdownTextView.m */ = {isa = PBXFileReference; fileEncoding = 4; lastKnownFileType = sourcecode.c.objc; path = MarkdownTextView.m; sourceTree = "<group>"; };
		A154C2A2194840B9001E4D91 /* Cousine-Italic-Latin.ttf */ = {isa = PBXFileReference; lastKnownFileType = file; path = "Cousine-Italic-Latin.ttf"; sourceTree = "<group>"; };
		A18720A7192558B20096B656 /* SignupViewController.h */ = {isa = PBXFileReference; fileEncoding = 4; lastKnownFileType = sourcecode.c.h; path = SignupViewController.h; sourceTree = "<group>"; };
		A18720A8192558B20096B656 /* SignupViewController.m */ = {isa = PBXFileReference; fileEncoding = 4; lastKnownFileType = sourcecode.c.objc; path = SignupViewController.m; sourceTree = "<group>"; };
		A18720AA19255F470096B656 /* LoggerInner.h */ = {isa = PBXFileReference; fileEncoding = 4; lastKnownFileType = sourcecode.c.h; path = LoggerInner.h; sourceTree = "<group>"; };
		A18720AB19255F470096B656 /* LoggerInner.m */ = {isa = PBXFileReference; fileEncoding = 4; lastKnownFileType = sourcecode.c.objc; path = LoggerInner.m; sourceTree = "<group>"; };
		A18720AD1925ECCE0096B656 /* SignerUpper.h */ = {isa = PBXFileReference; fileEncoding = 4; lastKnownFileType = sourcecode.c.h; path = SignerUpper.h; sourceTree = "<group>"; };
		A18720AE1925ECCE0096B656 /* SignerUpper.m */ = {isa = PBXFileReference; fileEncoding = 4; lastKnownFileType = sourcecode.c.objc; path = SignerUpper.m; sourceTree = "<group>"; };
		A1948324190E6C9F00E46E5F /* LoginViewController.h */ = {isa = PBXFileReference; fileEncoding = 4; lastKnownFileType = sourcecode.c.h; path = LoginViewController.h; sourceTree = "<group>"; };
		A1948325190E6C9F00E46E5F /* LoginViewController.m */ = {isa = PBXFileReference; fileEncoding = 4; lastKnownFileType = sourcecode.c.objc; path = LoginViewController.m; sourceTree = "<group>"; };
		A1948327190E798000E46E5F /* Constants.h */ = {isa = PBXFileReference; lastKnownFileType = sourcecode.c.h; path = Constants.h; sourceTree = "<group>"; };
		A1948329190E7B3C00E46E5F /* Constants.m */ = {isa = PBXFileReference; fileEncoding = 4; lastKnownFileType = sourcecode.c.objc; path = Constants.m; sourceTree = "<group>"; };
		A1948347190EAC5F00E46E5F /* JNKeychain.h */ = {isa = PBXFileReference; fileEncoding = 4; lastKnownFileType = sourcecode.c.h; path = JNKeychain.h; sourceTree = "<group>"; };
		A1948348190EAC5F00E46E5F /* JNKeychain.m */ = {isa = PBXFileReference; fileEncoding = 4; lastKnownFileType = sourcecode.c.objc; path = JNKeychain.m; sourceTree = "<group>"; };
		A194834A190FCCB600E46E5F /* Note.h */ = {isa = PBXFileReference; fileEncoding = 4; lastKnownFileType = sourcecode.c.h; name = Note.h; path = Models/Note.h; sourceTree = "<group>"; };
		A194834B190FCCB600E46E5F /* Note.m */ = {isa = PBXFileReference; fileEncoding = 4; lastKnownFileType = sourcecode.c.objc; name = Note.m; path = Models/Note.m; sourceTree = "<group>"; };
		A19483571911F8EE00E46E5F /* NoteTableViewCell.h */ = {isa = PBXFileReference; fileEncoding = 4; lastKnownFileType = sourcecode.c.h; name = NoteTableViewCell.h; path = ../NoteTableViewCell.h; sourceTree = "<group>"; };
		A19483581911F8EE00E46E5F /* NoteTableViewCell.m */ = {isa = PBXFileReference; fileEncoding = 4; lastKnownFileType = sourcecode.c.objc; name = NoteTableViewCell.m; path = ../NoteTableViewCell.m; sourceTree = "<group>"; };
		A194835A1912A8BD00E46E5F /* SourceCodePro-Bold.otf */ = {isa = PBXFileReference; lastKnownFileType = file; path = "SourceCodePro-Bold.otf"; sourceTree = "<group>"; };
		A194835B1912A8BD00E46E5F /* SourceCodePro-Regular.otf */ = {isa = PBXFileReference; lastKnownFileType = file; path = "SourceCodePro-Regular.otf"; sourceTree = "<group>"; };
		A194835E191408B400E46E5F /* FormattingHelpers.h */ = {isa = PBXFileReference; fileEncoding = 4; lastKnownFileType = sourcecode.c.h; path = FormattingHelpers.h; sourceTree = "<group>"; };
		A194835F191408B400E46E5F /* FormattingHelpers.m */ = {isa = PBXFileReference; fileEncoding = 4; lastKnownFileType = sourcecode.c.objc; path = FormattingHelpers.m; sourceTree = "<group>"; };
		A1BC6241192794AF00238C6C /* UsersPageViewController.h */ = {isa = PBXFileReference; fileEncoding = 4; lastKnownFileType = sourcecode.c.h; path = UsersPageViewController.h; sourceTree = "<group>"; };
		A1BC6242192794AF00238C6C /* UsersPageViewController.m */ = {isa = PBXFileReference; fileEncoding = 4; lastKnownFileType = sourcecode.c.objc; path = UsersPageViewController.m; sourceTree = "<group>"; };
		A1BC62491929EE3200238C6C /* EmptySearchView.xib */ = {isa = PBXFileReference; fileEncoding = 4; lastKnownFileType = file.xib; path = EmptySearchView.xib; sourceTree = "<group>"; };
		A1BC6250192F325B00238C6C /* MDKeyboardAccesory.xib */ = {isa = PBXFileReference; fileEncoding = 4; lastKnownFileType = file.xib; path = MDKeyboardAccesory.xib; sourceTree = "<group>"; };
		A1BC6252192F337A00238C6C /* MDKeyboardAccessoryViewController.h */ = {isa = PBXFileReference; fileEncoding = 4; lastKnownFileType = sourcecode.c.h; path = MDKeyboardAccessoryViewController.h; sourceTree = "<group>"; };
		A1BC6253192F337A00238C6C /* MDKeyboardAccessoryViewController.m */ = {isa = PBXFileReference; fileEncoding = 4; lastKnownFileType = sourcecode.c.objc; path = MDKeyboardAccessoryViewController.m; sourceTree = "<group>"; };
		A1C4C490191B7472008D9B04 /* NSDate+Helper.h */ = {isa = PBXFileReference; fileEncoding = 4; lastKnownFileType = sourcecode.c.h; path = "NSDate+Helper.h"; sourceTree = "<group>"; };
		A1C4C491191B7472008D9B04 /* NSDate+Helper.m */ = {isa = PBXFileReference; fileEncoding = 4; lastKnownFileType = sourcecode.c.objc; path = "NSDate+Helper.m"; sourceTree = "<group>"; };
		A1C4C4A1191D4930008D9B04 /* SettingsViewController.h */ = {isa = PBXFileReference; fileEncoding = 4; lastKnownFileType = sourcecode.c.h; path = SettingsViewController.h; sourceTree = "<group>"; };
		A1C4C4A2191D4930008D9B04 /* SettingsViewController.m */ = {isa = PBXFileReference; fileEncoding = 4; lastKnownFileType = sourcecode.c.objc; path = SettingsViewController.m; sourceTree = "<group>"; };
		A1C4C4AD191D7564008D9B04 /* Accelerate.framework */ = {isa = PBXFileReference; lastKnownFileType = wrapper.framework; name = Accelerate.framework; path = System/Library/Frameworks/Accelerate.framework; sourceTree = SDKROOT; };
		A1C4C4AF191EC10F008D9B04 /* NoDataView.xib */ = {isa = PBXFileReference; fileEncoding = 4; lastKnownFileType = file.xib; path = NoDataView.xib; sourceTree = "<group>"; };
		A1C4C4B1191EC2B9008D9B04 /* NoDataView.h */ = {isa = PBXFileReference; fileEncoding = 4; lastKnownFileType = sourcecode.c.h; path = NoDataView.h; sourceTree = "<group>"; };
		A1C4C4B2191EC2B9008D9B04 /* NoDataView.m */ = {isa = PBXFileReference; fileEncoding = 4; lastKnownFileType = sourcecode.c.objc; path = NoDataView.m; sourceTree = "<group>"; };
		A1D9598718F684A800113622 /* Notesy.app */ = {isa = PBXFileReference; explicitFileType = wrapper.application; includeInIndex = 0; path = Notesy.app; sourceTree = BUILT_PRODUCTS_DIR; };
		A1D9598A18F684A800113622 /* Foundation.framework */ = {isa = PBXFileReference; lastKnownFileType = wrapper.framework; name = Foundation.framework; path = System/Library/Frameworks/Foundation.framework; sourceTree = SDKROOT; };
		A1D9598C18F684A800113622 /* CoreGraphics.framework */ = {isa = PBXFileReference; lastKnownFileType = wrapper.framework; name = CoreGraphics.framework; path = System/Library/Frameworks/CoreGraphics.framework; sourceTree = SDKROOT; };
		A1D9598E18F684A800113622 /* UIKit.framework */ = {isa = PBXFileReference; lastKnownFileType = wrapper.framework; name = UIKit.framework; path = System/Library/Frameworks/UIKit.framework; sourceTree = SDKROOT; };
		A1D9599218F684A800113622 /* Notesy-Info.plist */ = {isa = PBXFileReference; lastKnownFileType = text.plist.xml; path = "Notesy-Info.plist"; sourceTree = "<group>"; };
		A1D9599418F684A800113622 /* en */ = {isa = PBXFileReference; lastKnownFileType = text.plist.strings; name = en; path = en.lproj/InfoPlist.strings; sourceTree = "<group>"; };
		A1D9599618F684A800113622 /* main.m */ = {isa = PBXFileReference; lastKnownFileType = sourcecode.c.objc; path = main.m; sourceTree = "<group>"; };
		A1D9599818F684A800113622 /* Notesy-Prefix.pch */ = {isa = PBXFileReference; lastKnownFileType = sourcecode.c.h; path = "Notesy-Prefix.pch"; sourceTree = "<group>"; };
		A1D9599918F684A800113622 /* AppDelegate.h */ = {isa = PBXFileReference; lastKnownFileType = sourcecode.c.h; path = AppDelegate.h; sourceTree = "<group>"; };
		A1D9599A18F684A800113622 /* AppDelegate.m */ = {isa = PBXFileReference; lastKnownFileType = sourcecode.c.objc; path = AppDelegate.m; sourceTree = "<group>"; };
		A1D9599D18F684A800113622 /* Base */ = {isa = PBXFileReference; lastKnownFileType = file.storyboard; name = Base; path = Base.lproj/Main_iPhone.storyboard; sourceTree = "<group>"; };
		A1D959A018F684A800113622 /* Base */ = {isa = PBXFileReference; lastKnownFileType = file.storyboard; name = Base; path = Base.lproj/Main_iPad.storyboard; sourceTree = "<group>"; };
		A1D959A218F684A800113622 /* MasterViewController.h */ = {isa = PBXFileReference; lastKnownFileType = sourcecode.c.h; path = MasterViewController.h; sourceTree = "<group>"; };
		A1D959A318F684A800113622 /* MasterViewController.m */ = {isa = PBXFileReference; lastKnownFileType = sourcecode.c.objc; path = MasterViewController.m; sourceTree = "<group>"; };
		A1D959A518F684A800113622 /* DetailViewController.h */ = {isa = PBXFileReference; lastKnownFileType = sourcecode.c.h; path = DetailViewController.h; sourceTree = "<group>"; };
		A1D959A618F684A800113622 /* DetailViewController.m */ = {isa = PBXFileReference; lastKnownFileType = sourcecode.c.objc; path = DetailViewController.m; sourceTree = "<group>"; };
		A1D959A818F684A800113622 /* Images.xcassets */ = {isa = PBXFileReference; lastKnownFileType = folder.assetcatalog; path = Images.xcassets; sourceTree = "<group>"; };
		A1D959AE18F684A800113622 /* NotesyTests.xctest */ = {isa = PBXFileReference; explicitFileType = wrapper.cfbundle; includeInIndex = 0; path = NotesyTests.xctest; sourceTree = BUILT_PRODUCTS_DIR; };
		A1D959AF18F684A800113622 /* XCTest.framework */ = {isa = PBXFileReference; lastKnownFileType = wrapper.framework; name = XCTest.framework; path = Library/Frameworks/XCTest.framework; sourceTree = DEVELOPER_DIR; };
		A1D959B718F684A800113622 /* NotesyTests-Info.plist */ = {isa = PBXFileReference; lastKnownFileType = text.plist.xml; path = "NotesyTests-Info.plist"; sourceTree = "<group>"; };
		A1D959B918F684A800113622 /* en */ = {isa = PBXFileReference; lastKnownFileType = text.plist.strings; name = en; path = en.lproj/InfoPlist.strings; sourceTree = "<group>"; };
		A1D959BB18F684A800113622 /* NotesyTests.m */ = {isa = PBXFileReference; lastKnownFileType = sourcecode.c.objc; path = NotesyTests.m; sourceTree = "<group>"; };
		B44FE902987E44269E10ACF9 /* libPods.a */ = {isa = PBXFileReference; explicitFileType = archive.ar; includeInIndex = 0; path = libPods.a; sourceTree = BUILT_PRODUCTS_DIR; };
/* End PBXFileReference section */

/* Begin PBXFrameworksBuildPhase section */
		A1D9598418F684A800113622 /* Frameworks */ = {
			isa = PBXFrameworksBuildPhase;
			buildActionMask = 2147483647;
			files = (
				A1C4C4AE191D7564008D9B04 /* Accelerate.framework in Frameworks */,
				A13CE5E718FD59F1004EDEEA /* Security.framework in Frameworks */,
				A13CE5ED18FD5A10004EDEEA /* libz.dylib in Frameworks */,
				A13CE5EB18FD5A07004EDEEA /* libsqlite3.dylib in Frameworks */,
				A13CE5E918FD59FB004EDEEA /* SystemConfiguration.framework in Frameworks */,
				A13CE5E518FD59E7004EDEEA /* CFNetwork.framework in Frameworks */,
				A13CE5E318FD59C1004EDEEA /* CouchbaseLite.framework in Frameworks */,
				A1D9598D18F684A800113622 /* CoreGraphics.framework in Frameworks */,
				A1D9598F18F684A800113622 /* UIKit.framework in Frameworks */,
				A1D9598B18F684A800113622 /* Foundation.framework in Frameworks */,
				734EA58DED6C454AA57CEED1 /* libPods.a in Frameworks */,
			);
			runOnlyForDeploymentPostprocessing = 0;
		};
		A1D959AB18F684A800113622 /* Frameworks */ = {
			isa = PBXFrameworksBuildPhase;
			buildActionMask = 2147483647;
			files = (
				A1D959B018F684A800113622 /* XCTest.framework in Frameworks */,
				A1D959B218F684A800113622 /* UIKit.framework in Frameworks */,
				A1D959B118F684A800113622 /* Foundation.framework in Frameworks */,
			);
			runOnlyForDeploymentPostprocessing = 0;
		};
/* End PBXFrameworksBuildPhase section */

/* Begin PBXGroup section */
		A1363D1619162A300023C6ED /* MasterView */ = {
			isa = PBXGroup;
			children = (
				A1BC62471929292A00238C6C /* TableView */,
				A1C4C4B1191EC2B9008D9B04 /* NoDataView.h */,
				A1C4C4B2191EC2B9008D9B04 /* NoDataView.m */,
				A1D959A218F684A800113622 /* MasterViewController.h */,
				A1D959A318F684A800113622 /* MasterViewController.m */,
			);
			name = MasterView;
			sourceTree = "<group>";
		};
		A1363D1719162A430023C6ED /* LoginView */ = {
			isa = PBXGroup;
			children = (
				A18720A61925589C0096B656 /* Signup */,
				A1531DDC1925510500E7D0DC /* Login */,
				A1BC6241192794AF00238C6C /* UsersPageViewController.h */,
				A1BC6242192794AF00238C6C /* UsersPageViewController.m */,
			);
			name = LoginView;
			sourceTree = "<group>";
		};
		A1363D1819162A640023C6ED /* DetailView */ = {
			isa = PBXGroup;
			children = (
				A1D959A518F684A800113622 /* DetailViewController.h */,
				A1D959A618F684A800113622 /* DetailViewController.m */,
			);
			name = DetailView;
			sourceTree = "<group>";
		};
		A1531DD71924EC0200E7D0DC /* Views */ = {
			isa = PBXGroup;
			children = (
				A1B2319A1937A90B00332D59 /* MarkdownKeyboard */,
				A1B231991937A8E800332D59 /* MarkdownText */,
				A1C4C4AF191EC10F008D9B04 /* NoDataView.xib */,
				A1BC62491929EE3200238C6C /* EmptySearchView.xib */,
			);
			name = Views;
			sourceTree = "<group>";
		};
		A1531DDC1925510500E7D0DC /* Login */ = {
			isa = PBXGroup;
			children = (
				A18720AA19255F470096B656 /* LoggerInner.h */,
				A18720AB19255F470096B656 /* LoggerInner.m */,
				A1948324190E6C9F00E46E5F /* LoginViewController.h */,
				A1948325190E6C9F00E46E5F /* LoginViewController.m */,
			);
			name = Login;
			sourceTree = "<group>";
		};
		A18720A61925589C0096B656 /* Signup */ = {
			isa = PBXGroup;
			children = (
				A18720A7192558B20096B656 /* SignupViewController.h */,
				A18720A8192558B20096B656 /* SignupViewController.m */,
				A18720AD1925ECCE0096B656 /* SignerUpper.h */,
				A18720AE1925ECCE0096B656 /* SignerUpper.m */,
			);
			name = Signup;
			sourceTree = "<group>";
		};
		A194834D190FCCC400E46E5F /* Models */ = {
			isa = PBXGroup;
			children = (
				A194834A190FCCB600E46E5F /* Note.h */,
				A194834B190FCCB600E46E5F /* Note.m */,
			);
			name = Models;
			sourceTree = "<group>";
		};
		A19483521910ED4900E46E5F /* Fonts */ = {
			isa = PBXGroup;
			children = (
				A154C2A2194840B9001E4D91 /* Cousine-Italic-Latin.ttf */,
				A1096F2619235D5B003C8308 /* SourceCodePro-Semibold.otf */,
				A194835A1912A8BD00E46E5F /* SourceCodePro-Bold.otf */,
				A194835B1912A8BD00E46E5F /* SourceCodePro-Regular.otf */,
			);
			name = Fonts;
			sourceTree = "<group>";
		};
		A1B231991937A8E800332D59 /* MarkdownText */ = {
			isa = PBXGroup;
			children = (
				A118587D1920B53A00266744 /* MarkdownTextStorage.h */,
				A118587E1920B53A00266744 /* MarkdownTextStorage.m */,
				A1531DD81924EC2000E7D0DC /* MarkdownTextView.h */,
				A1531DD91924EC2000E7D0DC /* MarkdownTextView.m */,
			);
			name = MarkdownText;
			sourceTree = "<group>";
		};
		A1B2319A1937A90B00332D59 /* MarkdownKeyboard */ = {
			isa = PBXGroup;
			children = (
				A1BC6250192F325B00238C6C /* MDKeyboardAccesory.xib */,
				A1BC6252192F337A00238C6C /* MDKeyboardAccessoryViewController.h */,
				A1BC6253192F337A00238C6C /* MDKeyboardAccessoryViewController.m */,
			);
			name = MarkdownKeyboard;
			sourceTree = "<group>";
		};
		A1BC62471929292A00238C6C /* TableView */ = {
			isa = PBXGroup;
			children = (
				A1363D1319158AED0023C6ED /* NotesTableSource.h */,
				A1363D1419158AED0023C6ED /* NotesTableSource.m */,
				A19483571911F8EE00E46E5F /* NoteTableViewCell.h */,
				A19483581911F8EE00E46E5F /* NoteTableViewCell.m */,
			);
			name = TableView;
			sourceTree = "<group>";
		};
		A1C4C4A0191D491F008D9B04 /* SettingsView */ = {
			isa = PBXGroup;
			children = (
				A1C4C4A1191D4930008D9B04 /* SettingsViewController.h */,
				A1C4C4A2191D4930008D9B04 /* SettingsViewController.m */,
			);
			name = SettingsView;
			sourceTree = "<group>";
		};
		A1D9597E18F684A800113622 = {
			isa = PBXGroup;
			children = (
				A1D9599018F684A800113622 /* Notesy */,
				A1D959B518F684A800113622 /* NotesyTests */,
				A1D9598918F684A800113622 /* Frameworks */,
				A1D9598818F684A800113622 /* Products */,
				02E996934CB6426C956EAF5D /* Pods.xcconfig */,
			);
			sourceTree = "<group>";
		};
		A1D9598818F684A800113622 /* Products */ = {
			isa = PBXGroup;
			children = (
				A1D9598718F684A800113622 /* Notesy.app */,
				A1D959AE18F684A800113622 /* NotesyTests.xctest */,
			);
			name = Products;
			sourceTree = "<group>";
		};
		A1D9598918F684A800113622 /* Frameworks */ = {
			isa = PBXGroup;
			children = (
				A1C4C4AD191D7564008D9B04 /* Accelerate.framework */,
				A13CE5EC18FD5A10004EDEEA /* libz.dylib */,
				A13CE5EA18FD5A07004EDEEA /* libsqlite3.dylib */,
				A13CE5E818FD59FA004EDEEA /* SystemConfiguration.framework */,
				A13CE5E618FD59F1004EDEEA /* Security.framework */,
				A13CE5E418FD59E7004EDEEA /* CFNetwork.framework */,
				A13CE5E218FD59C1004EDEEA /* CouchbaseLite.framework */,
				A1D9598A18F684A800113622 /* Foundation.framework */,
				A1D9598C18F684A800113622 /* CoreGraphics.framework */,
				A1D9598E18F684A800113622 /* UIKit.framework */,
				A1D959AF18F684A800113622 /* XCTest.framework */,
				B44FE902987E44269E10ACF9 /* libPods.a */,
			);
			name = Frameworks;
			sourceTree = "<group>";
		};
		A1D9599018F684A800113622 /* Notesy */ = {
			isa = PBXGroup;
			children = (
				A1531DD71924EC0200E7D0DC /* Views */,
				A194834D190FCCC400E46E5F /* Models */,
				A1C4C4A0191D491F008D9B04 /* SettingsView */,
				A1363D1819162A640023C6ED /* DetailView */,
				A1363D1719162A430023C6ED /* LoginView */,
				A1363D1619162A300023C6ED /* MasterView */,
				A1D9599918F684A800113622 /* AppDelegate.h */,
				A1D9599A18F684A800113622 /* AppDelegate.m */,
				A1948327190E798000E46E5F /* Constants.h */,
				A1948329190E7B3C00E46E5F /* Constants.m */,
				A1D959A818F684A800113622 /* Images.xcassets */,
				A1D9599F18F684A800113622 /* Main_iPad.storyboard */,
				A1D9599C18F684A800113622 /* Main_iPhone.storyboard */,
				A1D9599118F684A800113622 /* Supporting Files */,
			);
			path = Notesy;
			sourceTree = "<group>";
		};
		A1D9599118F684A800113622 /* Supporting Files */ = {
			isa = PBXGroup;
			children = (
				A19483521910ED4900E46E5F /* Fonts */,
				A194835E191408B400E46E5F /* FormattingHelpers.h */,
				A194835F191408B400E46E5F /* FormattingHelpers.m */,
				A1948347190EAC5F00E46E5F /* JNKeychain.h */,
				A1948348190EAC5F00E46E5F /* JNKeychain.m */,
				A1C4C490191B7472008D9B04 /* NSDate+Helper.h */,
				A1C4C491191B7472008D9B04 /* NSDate+Helper.m */,
				A1D9599218F684A800113622 /* Notesy-Info.plist */,
				A1D9599318F684A800113622 /* InfoPlist.strings */,
				A1D9599618F684A800113622 /* main.m */,
				A1D9599818F684A800113622 /* Notesy-Prefix.pch */,
			);
			name = "Supporting Files";
			sourceTree = "<group>";
		};
		A1D959B518F684A800113622 /* NotesyTests */ = {
			isa = PBXGroup;
			children = (
				A1D959BB18F684A800113622 /* NotesyTests.m */,
				A1D959B618F684A800113622 /* Supporting Files */,
			);
			path = NotesyTests;
			sourceTree = "<group>";
		};
		A1D959B618F684A800113622 /* Supporting Files */ = {
			isa = PBXGroup;
			children = (
				A1D959B718F684A800113622 /* NotesyTests-Info.plist */,
				A1D959B818F684A800113622 /* InfoPlist.strings */,
			);
			name = "Supporting Files";
			sourceTree = "<group>";
		};
/* End PBXGroup section */

/* Begin PBXNativeTarget section */
		A1D9598618F684A800113622 /* Notesy */ = {
			isa = PBXNativeTarget;
			buildConfigurationList = A1D959BF18F684A800113622 /* Build configuration list for PBXNativeTarget "Notesy" */;
			buildPhases = (
				E9DC956179E5477DB05D276B /* Check Pods Manifest.lock */,
				A1D9598318F684A800113622 /* Sources */,
				A1D9598418F684A800113622 /* Frameworks */,
				A1D9598518F684A800113622 /* Resources */,
				6FAFC16C1B3640BEA0DCC631 /* Copy Pods Resources */,
			);
			buildRules = (
			);
			dependencies = (
			);
			name = Notesy;
			productName = Notesy;
			productReference = A1D9598718F684A800113622 /* Notesy.app */;
			productType = "com.apple.product-type.application";
		};
		A1D959AD18F684A800113622 /* NotesyTests */ = {
			isa = PBXNativeTarget;
			buildConfigurationList = A1D959C218F684A800113622 /* Build configuration list for PBXNativeTarget "NotesyTests" */;
			buildPhases = (
				A1D959AA18F684A800113622 /* Sources */,
				A1D959AB18F684A800113622 /* Frameworks */,
				A1D959AC18F684A800113622 /* Resources */,
			);
			buildRules = (
			);
			dependencies = (
				A1D959B418F684A800113622 /* PBXTargetDependency */,
			);
			name = NotesyTests;
			productName = NotesyTests;
			productReference = A1D959AE18F684A800113622 /* NotesyTests.xctest */;
			productType = "com.apple.product-type.bundle.unit-test";
		};
/* End PBXNativeTarget section */

/* Begin PBXProject section */
		A1D9597F18F684A800113622 /* Project object */ = {
			isa = PBXProject;
			attributes = {
				LastUpgradeCheck = 0510;
				ORGANIZATIONNAME = Notesy.co;
				TargetAttributes = {
					A1D959AD18F684A800113622 = {
						TestTargetID = A1D9598618F684A800113622;
					};
				};
			};
			buildConfigurationList = A1D9598218F684A800113622 /* Build configuration list for PBXProject "Notesy" */;
			compatibilityVersion = "Xcode 3.2";
			developmentRegion = English;
			hasScannedForEncodings = 0;
			knownRegions = (
				en,
				Base,
			);
			mainGroup = A1D9597E18F684A800113622;
			productRefGroup = A1D9598818F684A800113622 /* Products */;
			projectDirPath = "";
			projectRoot = "";
			targets = (
				A1D9598618F684A800113622 /* Notesy */,
				A1D959AD18F684A800113622 /* NotesyTests */,
			);
		};
/* End PBXProject section */

/* Begin PBXResourcesBuildPhase section */
		A1D9598518F684A800113622 /* Resources */ = {
			isa = PBXResourcesBuildPhase;
			buildActionMask = 2147483647;
			files = (
				A1531DD51923D2E900E7D0DC /* SourceCodePro-Semibold.otf in Resources */,
				A1D959A118F684A800113622 /* Main_iPad.storyboard in Resources */,
				A1BC624A1929EE3200238C6C /* EmptySearchView.xib in Resources */,
				A194835C1912A8BD00E46E5F /* SourceCodePro-Bold.otf in Resources */,
				A1BC6251192F325B00238C6C /* MDKeyboardAccesory.xib in Resources */,
				A1D959A918F684A800113622 /* Images.xcassets in Resources */,
				A1D9599E18F684A800113622 /* Main_iPhone.storyboard in Resources */,
				A154C2A3194840B9001E4D91 /* Cousine-Italic-Latin.ttf in Resources */,
				A194835D1912A8BD00E46E5F /* SourceCodePro-Regular.otf in Resources */,
				A1D9599518F684A800113622 /* InfoPlist.strings in Resources */,
				A1C4C4B0191EC10F008D9B04 /* NoDataView.xib in Resources */,
			);
			runOnlyForDeploymentPostprocessing = 0;
		};
		A1D959AC18F684A800113622 /* Resources */ = {
			isa = PBXResourcesBuildPhase;
			buildActionMask = 2147483647;
			files = (
				A1D959BA18F684A800113622 /* InfoPlist.strings in Resources */,
			);
			runOnlyForDeploymentPostprocessing = 0;
		};
/* End PBXResourcesBuildPhase section */

/* Begin PBXShellScriptBuildPhase section */
		6FAFC16C1B3640BEA0DCC631 /* Copy Pods Resources */ = {
			isa = PBXShellScriptBuildPhase;
			buildActionMask = 2147483647;
			files = (
			);
			inputPaths = (
			);
			name = "Copy Pods Resources";
			outputPaths = (
			);
			runOnlyForDeploymentPostprocessing = 0;
			shellPath = /bin/sh;
			shellScript = "\"${SRCROOT}/Pods/Pods-resources.sh\"\n";
			showEnvVarsInLog = 0;
		};
		E9DC956179E5477DB05D276B /* Check Pods Manifest.lock */ = {
			isa = PBXShellScriptBuildPhase;
			buildActionMask = 2147483647;
			files = (
			);
			inputPaths = (
			);
			name = "Check Pods Manifest.lock";
			outputPaths = (
			);
			runOnlyForDeploymentPostprocessing = 0;
			shellPath = /bin/sh;
			shellScript = "diff \"${PODS_ROOT}/../Podfile.lock\" \"${PODS_ROOT}/Manifest.lock\" > /dev/null\nif [[ $? != 0 ]] ; then\n    cat << EOM\nerror: The sandbox is not in sync with the Podfile.lock. Run 'pod install' or update your CocoaPods installation.\nEOM\n    exit 1\nfi\n";
			showEnvVarsInLog = 0;
		};
/* End PBXShellScriptBuildPhase section */

/* Begin PBXSourcesBuildPhase section */
		A1D9598318F684A800113622 /* Sources */ = {
			isa = PBXSourcesBuildPhase;
			buildActionMask = 2147483647;
			files = (
				A1531DDA1924EC2000E7D0DC /* MarkdownTextView.m in Sources */,
				A1C4C492191B7472008D9B04 /* NSDate+Helper.m in Sources */,
				A194834C190FCCB600E46E5F /* Note.m in Sources */,
				A1363D1519158AED0023C6ED /* NotesTableSource.m in Sources */,
				A18720AF1925ECCE0096B656 /* SignerUpper.m in Sources */,
				A1C4C4B3191EC2B9008D9B04 /* NoDataView.m in Sources */,
				A1BC6243192794AF00238C6C /* UsersPageViewController.m in Sources */,
				A1D9599B18F684A800113622 /* AppDelegate.m in Sources */,
				A18720AC19255F470096B656 /* LoggerInner.m in Sources */,
				A1D959A418F684A800113622 /* MasterViewController.m in Sources */,
				A1D9599718F684A800113622 /* main.m in Sources */,
				A1948349190EAC5F00E46E5F /* JNKeychain.m in Sources */,
				A1D959A718F684A800113622 /* DetailViewController.m in Sources */,
				A1948326190E6C9F00E46E5F /* LoginViewController.m in Sources */,
				A1BC6254192F337A00238C6C /* MDKeyboardAccessoryViewController.m in Sources */,
				A18720A9192558B20096B656 /* SignupViewController.m in Sources */,
				A194832A190E7B3C00E46E5F /* Constants.m in Sources */,
				A118587F1920B53A00266744 /* MarkdownTextStorage.m in Sources */,
				A19483591911F8EE00E46E5F /* NoteTableViewCell.m in Sources */,
				A1948360191408B400E46E5F /* FormattingHelpers.m in Sources */,
				A1C4C4A3191D4930008D9B04 /* SettingsViewController.m in Sources */,
			);
			runOnlyForDeploymentPostprocessing = 0;
		};
		A1D959AA18F684A800113622 /* Sources */ = {
			isa = PBXSourcesBuildPhase;
			buildActionMask = 2147483647;
			files = (
				A1D959BC18F684A800113622 /* NotesyTests.m in Sources */,
			);
			runOnlyForDeploymentPostprocessing = 0;
		};
/* End PBXSourcesBuildPhase section */

/* Begin PBXTargetDependency section */
		A1D959B418F684A800113622 /* PBXTargetDependency */ = {
			isa = PBXTargetDependency;
			target = A1D9598618F684A800113622 /* Notesy */;
			targetProxy = A1D959B318F684A800113622 /* PBXContainerItemProxy */;
		};
/* End PBXTargetDependency section */

/* Begin PBXVariantGroup section */
		A1D9599318F684A800113622 /* InfoPlist.strings */ = {
			isa = PBXVariantGroup;
			children = (
				A1D9599418F684A800113622 /* en */,
			);
			name = InfoPlist.strings;
			sourceTree = "<group>";
		};
		A1D9599C18F684A800113622 /* Main_iPhone.storyboard */ = {
			isa = PBXVariantGroup;
			children = (
				A1D9599D18F684A800113622 /* Base */,
			);
			name = Main_iPhone.storyboard;
			sourceTree = "<group>";
		};
		A1D9599F18F684A800113622 /* Main_iPad.storyboard */ = {
			isa = PBXVariantGroup;
			children = (
				A1D959A018F684A800113622 /* Base */,
			);
			name = Main_iPad.storyboard;
			sourceTree = "<group>";
		};
		A1D959B818F684A800113622 /* InfoPlist.strings */ = {
			isa = PBXVariantGroup;
			children = (
				A1D959B918F684A800113622 /* en */,
			);
			name = InfoPlist.strings;
			sourceTree = "<group>";
		};
/* End PBXVariantGroup section */

/* Begin XCBuildConfiguration section */
		A1D959BD18F684A800113622 /* Debug */ = {
			isa = XCBuildConfiguration;
			buildSettings = {
				ALWAYS_SEARCH_USER_PATHS = NO;
				CLANG_CXX_LANGUAGE_STANDARD = "gnu++0x";
				CLANG_CXX_LIBRARY = "libc++";
				CLANG_ENABLE_MODULES = YES;
				CLANG_ENABLE_OBJC_ARC = YES;
				CLANG_WARN_BOOL_CONVERSION = YES;
				CLANG_WARN_CONSTANT_CONVERSION = YES;
				CLANG_WARN_DIRECT_OBJC_ISA_USAGE = YES_ERROR;
				CLANG_WARN_EMPTY_BODY = YES;
				CLANG_WARN_ENUM_CONVERSION = YES;
				CLANG_WARN_INT_CONVERSION = YES;
				CLANG_WARN_OBJC_ROOT_CLASS = YES_ERROR;
				CLANG_WARN__DUPLICATE_METHOD_MATCH = YES;
				"CODE_SIGN_IDENTITY[sdk=iphoneos*]" = "iPhone Developer";
				COPY_PHASE_STRIP = NO;
				GCC_C_LANGUAGE_STANDARD = gnu99;
				GCC_DYNAMIC_NO_PIC = NO;
				GCC_OPTIMIZATION_LEVEL = 0;
				GCC_PREPROCESSOR_DEFINITIONS = (
					"DEBUG=1",
					"$(inherited)",
				);
				GCC_SYMBOLS_PRIVATE_EXTERN = NO;
				GCC_WARN_64_TO_32_BIT_CONVERSION = YES;
				GCC_WARN_ABOUT_RETURN_TYPE = YES_ERROR;
				GCC_WARN_UNDECLARED_SELECTOR = YES;
				GCC_WARN_UNINITIALIZED_AUTOS = YES_AGGRESSIVE;
				GCC_WARN_UNUSED_FUNCTION = YES;
				GCC_WARN_UNUSED_VARIABLE = YES;
				IPHONEOS_DEPLOYMENT_TARGET = 7.1;
				ONLY_ACTIVE_ARCH = YES;
				SDKROOT = iphoneos;
				TARGETED_DEVICE_FAMILY = "1,2";
			};
			name = Debug;
		};
		A1D959BE18F684A800113622 /* Release */ = {
			isa = XCBuildConfiguration;
			buildSettings = {
				ALWAYS_SEARCH_USER_PATHS = NO;
				CLANG_CXX_LANGUAGE_STANDARD = "gnu++0x";
				CLANG_CXX_LIBRARY = "libc++";
				CLANG_ENABLE_MODULES = YES;
				CLANG_ENABLE_OBJC_ARC = YES;
				CLANG_WARN_BOOL_CONVERSION = YES;
				CLANG_WARN_CONSTANT_CONVERSION = YES;
				CLANG_WARN_DIRECT_OBJC_ISA_USAGE = YES_ERROR;
				CLANG_WARN_EMPTY_BODY = YES;
				CLANG_WARN_ENUM_CONVERSION = YES;
				CLANG_WARN_INT_CONVERSION = YES;
				CLANG_WARN_OBJC_ROOT_CLASS = YES_ERROR;
				CLANG_WARN__DUPLICATE_METHOD_MATCH = YES;
				"CODE_SIGN_IDENTITY[sdk=iphoneos*]" = "iPhone Developer";
				COPY_PHASE_STRIP = YES;
				ENABLE_NS_ASSERTIONS = NO;
				GCC_C_LANGUAGE_STANDARD = gnu99;
				GCC_WARN_64_TO_32_BIT_CONVERSION = YES;
				GCC_WARN_ABOUT_RETURN_TYPE = YES_ERROR;
				GCC_WARN_UNDECLARED_SELECTOR = YES;
				GCC_WARN_UNINITIALIZED_AUTOS = YES_AGGRESSIVE;
				GCC_WARN_UNUSED_FUNCTION = YES;
				GCC_WARN_UNUSED_VARIABLE = YES;
				IPHONEOS_DEPLOYMENT_TARGET = 7.1;
				SDKROOT = iphoneos;
				TARGETED_DEVICE_FAMILY = "1,2";
				VALIDATE_PRODUCT = YES;
			};
			name = Release;
		};
		A1D959C018F684A800113622 /* Debug */ = {
			isa = XCBuildConfiguration;
			baseConfigurationReference = 02E996934CB6426C956EAF5D /* Pods.xcconfig */;
			buildSettings = {
				ASSETCATALOG_COMPILER_APPICON_NAME = AppIcon;
				ASSETCATALOG_COMPILER_LAUNCHIMAGE_NAME = LaunchImage;
				FRAMEWORK_SEARCH_PATHS = (
					"$(inherited)",
					"$(PROJECT_DIR)/Pods/couchbase-lite-ios",
				);
				GCC_PRECOMPILE_PREFIX_HEADER = YES;
				GCC_PREFIX_HEADER = "Notesy/Notesy-Prefix.pch";
				INFOPLIST_FILE = "Notesy/Notesy-Info.plist";
				IPHONEOS_DEPLOYMENT_TARGET = 7.0;
				PRODUCT_NAME = "$(TARGET_NAME)";
				PROVISIONING_PROFILE = "33A1A60C-F801-48B2-B0C7-7D7A4443B040";
				TARGETED_DEVICE_FAMILY = 1;
				VALID_ARCHS = "armv7 armv7s";
				WRAPPER_EXTENSION = app;
			};
			name = Debug;
		};
		A1D959C118F684A800113622 /* Release */ = {
			isa = XCBuildConfiguration;
			baseConfigurationReference = 02E996934CB6426C956EAF5D /* Pods.xcconfig */;
			buildSettings = {
				ASSETCATALOG_COMPILER_APPICON_NAME = AppIcon;
				ASSETCATALOG_COMPILER_LAUNCHIMAGE_NAME = LaunchImage;
				CODE_SIGN_IDENTITY = "iPhone Developer: Andrew Appleton (PN7TZUNJ93)";
				FRAMEWORK_SEARCH_PATHS = (
					"$(inherited)",
					"$(PROJECT_DIR)/Pods/couchbase-lite-ios",
				);
				GCC_PRECOMPILE_PREFIX_HEADER = YES;
				GCC_PREFIX_HEADER = "Notesy/Notesy-Prefix.pch";
				INFOPLIST_FILE = "Notesy/Notesy-Info.plist";
				IPHONEOS_DEPLOYMENT_TARGET = 7.0;
				PRODUCT_NAME = "$(TARGET_NAME)";
				PROVISIONING_PROFILE = "864BED08-46CC-4060-BB76-C71797F7DB2D";
				TARGETED_DEVICE_FAMILY = 1;
				VALID_ARCHS = "armv7 armv7s";
				WRAPPER_EXTENSION = app;
			};
			name = Release;
		};
		A1D959C318F684A800113622 /* Debug */ = {
			isa = XCBuildConfiguration;
			buildSettings = {
				BUNDLE_LOADER = "$(BUILT_PRODUCTS_DIR)/Notesy.app/Notesy";
				FRAMEWORK_SEARCH_PATHS = (
					"$(SDKROOT)/Developer/Library/Frameworks",
					"$(inherited)",
					"$(DEVELOPER_FRAMEWORKS_DIR)",
				);
				GCC_PRECOMPILE_PREFIX_HEADER = YES;
				GCC_PREFIX_HEADER = "Notesy/Notesy-Prefix.pch";
				GCC_PREPROCESSOR_DEFINITIONS = (
					"DEBUG=1",
					"$(inherited)",
				);
				INFOPLIST_FILE = "NotesyTests/NotesyTests-Info.plist";
				PRODUCT_NAME = "$(TARGET_NAME)";
				TEST_HOST = "$(BUNDLE_LOADER)";
				WRAPPER_EXTENSION = xctest;
			};
			name = Debug;
		};
		A1D959C418F684A800113622 /* Release */ = {
			isa = XCBuildConfiguration;
			buildSettings = {
				BUNDLE_LOADER = "$(BUILT_PRODUCTS_DIR)/Notesy.app/Notesy";
				FRAMEWORK_SEARCH_PATHS = (
					"$(SDKROOT)/Developer/Library/Frameworks",
					"$(inherited)",
					"$(DEVELOPER_FRAMEWORKS_DIR)",
				);
				GCC_PRECOMPILE_PREFIX_HEADER = YES;
				GCC_PREFIX_HEADER = "Notesy/Notesy-Prefix.pch";
				INFOPLIST_FILE = "NotesyTests/NotesyTests-Info.plist";
				PRODUCT_NAME = "$(TARGET_NAME)";
				TEST_HOST = "$(BUNDLE_LOADER)";
				WRAPPER_EXTENSION = xctest;
			};
			name = Release;
		};
/* End XCBuildConfiguration section */

/* Begin XCConfigurationList section */
		A1D9598218F684A800113622 /* Build configuration list for PBXProject "Notesy" */ = {
			isa = XCConfigurationList;
			buildConfigurations = (
				A1D959BD18F684A800113622 /* Debug */,
				A1D959BE18F684A800113622 /* Release */,
			);
			defaultConfigurationIsVisible = 0;
			defaultConfigurationName = Release;
		};
		A1D959BF18F684A800113622 /* Build configuration list for PBXNativeTarget "Notesy" */ = {
			isa = XCConfigurationList;
			buildConfigurations = (
				A1D959C018F684A800113622 /* Debug */,
				A1D959C118F684A800113622 /* Release */,
			);
			defaultConfigurationIsVisible = 0;
			defaultConfigurationName = Release;
		};
		A1D959C218F684A800113622 /* Build configuration list for PBXNativeTarget "NotesyTests" */ = {
			isa = XCConfigurationList;
			buildConfigurations = (
				A1D959C318F684A800113622 /* Debug */,
				A1D959C418F684A800113622 /* Release */,
			);
			defaultConfigurationIsVisible = 0;
			defaultConfigurationName = Release;
		};
/* End XCConfigurationList section */
	};
	rootObject = A1D9597F18F684A800113622 /* Project object */;
}
